// !$*UTF8*$!
{
	archiveVersion = 1;
	classes = {
	};
	objectVersion = 46;
	objects = {

/* Begin PBXBuildFile section */
		48C0467C1599D60900504200 /* main.c in Sources */ = {isa = PBXBuildFile; fileRef = 48C0467B1599D60900504200 /* main.c */; };
/* End PBXBuildFile section */

/* Begin PBXCopyFilesBuildPhase section */
		48C046751599D60900504200 /* CopyFiles */ = {
			isa = PBXCopyFilesBuildPhase;
			buildActionMask = 2147483647;
			dstPath = /usr/share/man/man1/;
			dstSubfolderSpec = 0;
			files = (
			);
			runOnlyForDeploymentPostprocessing = 1;
		};
/* End PBXCopyFilesBuildPhase section */

/* Begin PBXFileReference section */
		48C046771599D60900504200 /* Russian */ = {isa = PBXFileReference; explicitFileType = "compiled.mach-o.executable"; includeInIndex = 0; path = Russian; sourceTree = BUILT_PRODUCTS_DIR; };
		48C0467B1599D60900504200 /* main.c */ = {isa = PBXFileReference; lastKnownFileType = sourcecode.c.c; path = main.c; sourceTree = "<group>"; };
		48C046841599D7B100504200 /* Russian.h */ = {isa = PBXFileReference; lastKnownFileType = sourcecode.c.h; path = Russian.h; sourceTree = "<group>"; };
/* End PBXFileReference section */

/* Begin PBXFrameworksBuildPhase section */
		48C046741599D60900504200 /* Frameworks */ = {
			isa = PBXFrameworksBuildPhase;
			buildActionMask = 2147483647;
			files = (
			);
			runOnlyForDeploymentPostprocessing = 0;
		};
/* End PBXFrameworksBuildPhase section */

/* Begin PBXGroup section */
		48C0466C1599D60900504200 = {
			isa = PBXGroup;
			children = (
				48C0467A1599D60900504200 /* Russian */,
				48C046781599D60900504200 /* Products */,
			);
			sourceTree = "<group>";
		};
		48C046781599D60900504200 /* Products */ = {
			isa = PBXGroup;
			children = (
				48C046771599D60900504200 /* Russian */,
			);
			name = Products;
			sourceTree = "<group>";
		};
		48C0467A1599D60900504200 /* Russian */ = {
			isa = PBXGroup;
			children = (
				48C0467B1599D60900504200 /* main.c */,
				48C046841599D7B100504200 /* Russian.h */,
			);
			path = Russian;
			sourceTree = "<group>";
		};
/* End PBXGroup section */

/* Begin PBXNativeTarget section */
		48C046761599D60900504200 /* Russian */ = {
			isa = PBXNativeTarget;
			buildConfigurationList = 48C046811599D60900504200 /* Build configuration list for PBXNativeTarget "Russian" */;
			buildPhases = (
				48C046731599D60900504200 /* Sources */,
				48C046741599D60900504200 /* Frameworks */,
				48C046751599D60900504200 /* CopyFiles */,
			);
			buildRules = (
			);
			dependencies = (
			);
			name = Russian;
			productName = Russian;
			productReference = 48C046771599D60900504200 /* Russian */;
			productType = "com.apple.product-type.tool";
		};
/* End PBXNativeTarget section */

/* Begin PBXProject section */
		48C0466E1599D60900504200 /* Project object */ = {
			isa = PBXProject;
			attributes = {
				LastUpgradeCheck = 0430;
				ORGANIZATIONNAME = ekreative;
			};
			buildConfigurationList = 48C046711599D60900504200 /* Build configuration list for PBXProject "Russian" */;
			compatibilityVersion = "Xcode 3.2";
			developmentRegion = English;
			hasScannedForEncodings = 0;
			knownRegions = (
				en,
			);
			mainGroup = 48C0466C1599D60900504200;
			productRefGroup = 48C046781599D60900504200 /* Products */;
			projectDirPath = "";
			projectRoot = "";
			targets = (
				48C046761599D60900504200 /* Russian */,
			);
		};
/* End PBXProject section */

/* Begin PBXSourcesBuildPhase section */
		48C046731599D60900504200 /* Sources */ = {
			isa = PBXSourcesBuildPhase;
			buildActionMask = 2147483647;
			files = (
				48C0467C1599D60900504200 /* main.c in Sources */,
			);
			runOnlyForDeploymentPostprocessing = 0;
		};
/* End PBXSourcesBuildPhase section */

/* Begin XCBuildConfiguration section */
		48C0467F1599D60900504200 /* Debug */ = {
			isa = XCBuildConfiguration;
			buildSettings = {
				ALWAYS_SEARCH_USER_PATHS = NO;
				ARCHS = "$(ARCHS_STANDARD_64_BIT)";
				CLANG_ENABLE_OBJC_ARC = YES;
				COPY_PHASE_STRIP = NO;
				GCC_C_LANGUAGE_STANDARD = gnu99;
				GCC_DYNAMIC_NO_PIC = NO;
				GCC_ENABLE_OBJC_EXCEPTIONS = YES;
				GCC_OPTIMIZATION_LEVEL = 0;
				GCC_PREPROCESSOR_DEFINITIONS = (
					"DEBUG=1",
					"$(inherited)",
				);
				GCC_SYMBOLS_PRIVATE_EXTERN = NO;
				GCC_VERSION = com.apple.compilers.llvm.clang.1_0;
				GCC_WARN_64_TO_32_BIT_CONVERSION = YES;
				GCC_WARN_ABOUT_RETURN_TYPE = YES;
				GCC_WARN_UNINITIALIZED_AUTOS = YES;
				GCC_WARN_UNUSED_VARIABLE = YES;
				MACOSX_DEPLOYMENT_TARGET = 10.7;
				ONLY_ACTIVE_ARCH = YES;
				SDKROOT = macosx;
			};
			name = Debug;
		};
		48C046801599D60900504200 /* Release */ = {
			isa = XCBuildConfiguration;
			buildSettings = {
				ALWAYS_SEARCH_USER_PATHS = NO;
				ARCHS = "$(ARCHS_STANDARD_64_BIT)";
				CLANG_ENABLE_OBJC_ARC = YES;
				COPY_PHASE_STRIP = YES;
				DEBUG_INFORMATION_FORMAT = "dwarf-with-dsym";
				GCC_C_LANGUAGE_STANDARD = gnu99;
				GCC_ENABLE_OBJC_EXCEPTIONS = YES;
				GCC_VERSION = com.apple.compilers.llvm.clang.1_0;
				GCC_WARN_64_TO_32_BIT_CONVERSION = YES;
				GCC_WARN_ABOUT_RETURN_TYPE = YES;
				GCC_WARN_UNINITIALIZED_AUTOS = YES;
				GCC_WARN_UNUSED_VARIABLE = YES;
				MACOSX_DEPLOYMENT_TARGET = 10.7;
				SDKROOT = macosx;
			};
			name = Release;
		};
		48C046821599D60900504200 /* Debug */ = {
			isa = XCBuildConfiguration;
			buildSettings = {
				PRODUCT_NAME = "$(TARGET_NAME)";
			};
			name = Debug;
		};
		48C046831599D60900504200 /* Release */ = {
			isa = XCBuildConfiguration;
			buildSettings = {
				PRODUCT_NAME = "$(TARGET_NAME)";
			};
			name = Release;
		};
/* End XCBuildConfiguration section */

/* Begin XCConfigurationList section */
		48C046711599D60900504200 /* Build configuration list for PBXProject "Russian" */ = {
			isa = XCConfigurationList;
			buildConfigurations = (
				48C0467F1599D60900504200 /* Debug */,
				48C046801599D60900504200 /* Release */,
			);
			defaultConfigurationIsVisible = 0;
			defaultConfigurationName = Release;
		};
		48C046811599D60900504200 /* Build configuration list for PBXNativeTarget "Russian" */ = {
			isa = XCConfigurationList;
			buildConfigurations = (
				48C046821599D60900504200 /* Debug */,
				48C046831599D60900504200 /* Release */,
			);
			defaultConfigurationIsVisible = 0;
			defaultConfigurationName = Release;
		};
/* End XCConfigurationList section */
	};
	rootObject = 48C0466E1599D60900504200 /* Project object */;
}
